
Microsoft Visual Studio Solution File, Format Version 12.00
# Visual Studio Version 17
VisualStudioVersion = 17.11.35219.272
MinimumVisualStudioVersion = 10.0.40219.1
Project("{FAE04EC0-301F-11D3-BF4B-00C04F79EFBC}") = "TodoList", "TodoList.csproj", "{DB391716-B4A6-4A0C-B6FD-CA69815B5456}"
EndProject
Global
	GlobalSection(SolutionConfigurationPlatforms) = preSolution
		Debug|Any CPU = Debug|Any CPU
		Release|Any CPU = Release|Any CPU
	EndGlobalSection
	GlobalSection(ProjectConfigurationPlatforms) = postSolution
		{DB391716-B4A6-4A0C-B6FD-CA69815B5456}.Debug|Any CPU.ActiveCfg = Debug|Any CPU
		{DB391716-B4A6-4A0C-B6FD-CA69815B5456}.Debug|Any CPU.Build.0 = Debug|Any CPU
		{DB391716-B4A6-4A0C-B6FD-CA69815B5456}.Release|Any CPU.ActiveCfg = Release|Any CPU
		{DB391716-B4A6-4A0C-B6FD-CA69815B5456}.Release|Any CPU.Build.0 = Release|Any CPU
	EndGlobalSection
	GlobalSection(SolutionProperties) = preSolution
		HideSolutionNode = FALSE
	EndGlobalSection
	GlobalSection(ExtensibilityGlobals) = postSolution
		SolutionGuid = {F5E7BBE6-C4FB-44F6-B411-A6E85B24B34A}
	EndGlobalSection
EndGlobal
